automation:
  - alias: 'Wake Me Up'
    initial_state: False
    trigger:
     - platform: time
       minutes: '/5'
       seconds: 2
    condition:
     - condition: template
       value_template: '{{ now().hour == (states.input_number.alarmhour.state  | round(0))  and  now().minute == (states.input_number.alarmminutes.state  | round(0) )  }}'
    action:
      - service: script.turn_on
        entity_id: script.vekke_lys
      - service: script.turn_on
        entity_id: script.vekke_lyd
      - service: homeassistant.turn_off
        entity_id: automation.wake_me_up

  - alias: "alarm enabled"
    trigger:
      platform: state
      entity_id: input_number.alarmhour, input_number.alarmminutes
    action:
    - service: homeassistant.turn_on
      data: 
        entity_id:
         - automation.wake_me_up

input_number:
  alarmhour:
    name: Hour
    icon: mdi:timer
    initial: 7
    min: 4
    max: 11
    step: 1
  alarmminutes:
    name: Minutes
    icon: mdi:timer
    initial: 30
    min: 0
    max: 55
    step: 5

sensor:
  - platform: template
    sensors:
      alarm_time:
        friendly_name: 'Alarm'
        value_template: '{% if states.input_number.alarmhour.state|round(0)|string|length == 1 %}0{% endif %}{{ states.input_number.alarmhour.state|round(0)|string }}:{% if states.input_number.alarmminutes.state|round(0)|string|length == 1 %}0{% endif %}{{ states.input_number.alarmminutes.state|round(0)|string }}'
        entity_id: 
         - input_number.alarmminutes
         - input_number.alarmhour

script:
  vekke_lyd:
    sequence:
      - delay: 00:00:03
      - service: media_player.volume_set
        data:
          entity_id: media_player.soverom
          volume_level: 0.4
      - service: media_player.play_media
        data:
          entity_id: media_player.soverom
          media_content_type: audio/mp3
          media_content_id: "https://server1.dahoiv.net/local/Wake_Up_fade_in.mp3"
      - delay: 00:08:00
      - service: media_player.volume_set
        data:
          entity_id: media_player.soverom
          volume_level: 0.5
      - service: input_select.select_option
        entity_id: input_select.radio_soverom
        data:
          option: "P3"
      - delay: 00:02:00
      - service: media_player.volume_set
        data:
          entity_id: media_player.soverom
          volume_level: 0.7
      - delay: 00:08:00
      - service: media_player.volume_set
        data:
          entity_id: media_player.soverom
          volume_level: 0.2
      - service: media_player.turn_off
        entity_id: media_player.soverom


  vekke_lys:
    sequence:
    - service: homeassistant.turn_on
      entity_id:
        - light.soverom1
      data:
        brightness: 1
        xy_color: [0.675,0.322]
    - delay: 00:00:03

    - service: homeassistant.turn_on
      entity_id:
        - light.soverom1
      data:
        transition: 180
        brightness: 10
        xy_color: [0.675,0.322]
    - delay:
          seconds: 10
    - service: homeassistant.turn_on
      entity_id:
        - light.soverom2
      data:
        transition: 170
        brightness: 10
        xy_color: [0.675,0.322]
    - delay:
          minutes: 3

    - service: homeassistant.turn_on
      entity_id:
        - light.soverom1
      data:
        transition: 780
        brightness: 120
        xy_color: [0.5704, 0.3978]
    - service: homeassistant.turn_on
      entity_id:
        - light.soverom2
      data:
        transition: 780
        brightness: 120
        xy_color: [0.5704, 0.3978]
    - delay:
          minutes: 12

    - service: homeassistant.turn_on
      entity_id:
        - light.soverom1
      data:
        transition: 100
        brightness: 255
        xy_color: [0.3138,0.3238]
    - service: homeassistant.turn_on
      entity_id:
        - light.soverom2
      data:
        transition: 100
        brightness: 255
        xy_color: [0.3138,0.3238]
    - delay:
          minutes: 2

    - service: homeassistant.turn_on
      entity_id:
        - light.soverom1
      data:
        flash: long
    - service: homeassistant.turn_on
      entity_id:
        - light.soverom2
      data:
        flash: long
    - delay:
          seconds: 1

    - service: homeassistant.turn_on
      entity_id:
        - light.soverom1
      data:
        effect: colorloop
    - service: homeassistant.turn_on
      entity_id:
        - light.soverom2
      data:
        effect: colorloop
    - delay:
          minutes: 10

    - service: homeassistant.turn_off
      entity_id:
        - light.soverom1
    - service: homeassistant.turn_off
      entity_id:
        - light.soverom2
    - delay:
          seconds: 1

    - service: homeassistant.turn_on
      entity_id:
        - light.soverom1
      data:
        flash: long
    - service: homeassistant.turn_on
      entity_id:
        - light.soverom2
      data:
        flash: long
    - delay:
          seconds: 10

    - service: homeassistant.turn_on
      entity_id:
        - light.soverom1
      data:
        flash: long
    - service: homeassistant.turn_on
      entity_id:
        - light.soverom2
      data:
        flash: long
    - delay:
          seconds: 10

    - service: homeassistant.turn_off
      entity_id:
        - light.soverom1
    - service: homeassistant.turn_off
      entity_id:
        - light.soverom2

  stop_alarm:
    sequence:

    - service: homeassistant.turn_off
      entity_id: script.vekke_lyd

    - service: homeassistant.turn_off
      entity_id: script.vekke_lys
      
    - service: homeassistant.turn_off
      entity_id: automation.wake_me_up
      
    - service: homeassistant.turn_off
      entity_id:
        - light.soverom1
    - service: homeassistant.turn_off
      entity_id:
        - light.soverom2
    - service: homeassistant.turn_off
      entity_id: media_player.soverom
